
Microsoft Visual Studio Solution File, Format Version 12.00
# Visual Studio Version 16
VisualStudioVersion = 16.0.31005.135
MinimumVisualStudioVersion = 10.0.40219.1
Project("{2150E333-8FDC-42A3-9474-1A3956D46DE8}") = "src", "src", "{5F4BAF3B-3A78-4649-B674-27EB0139BBE5}"
EndProject
Project("{9A19103F-16F7-4668-BE54-9A1E7A4F7556}") = "EmployeeManagement.Core", "EmployeeManagement.Core\EmployeeManagement.Core.csproj", "{C7F75F14-D6AB-4EAB-A13D-5ED30C86D963}"
EndProject
Project("{9A19103F-16F7-4668-BE54-9A1E7A4F7556}") = "EmployeeManagement.Infrastructure", "EmployeeManagement.Infrastructure\EmployeeManagement.Infrastructure.csproj", "{DD7DFAD8-4515-401A-B85F-4BB658843031}"
EndProject
Project("{9A19103F-16F7-4668-BE54-9A1E7A4F7556}") = "EmployeeManagement.Application", "EmployeeManagement.Application\EmployeeManagement.Application.csproj", "{FAFD8349-5A85-4568-A4B8-CCE4D9C8C720}"
EndProject
Project("{2150E333-8FDC-42A3-9474-1A3956D46DE8}") = "tests", "tests", "{FE61E197-4853-4713-86B1-381382EF30C6}"
EndProject
Project("{9A19103F-16F7-4668-BE54-9A1E7A4F7556}") = "EmployeeManagement.Web", "EmployeeManagement.Web\EmployeeManagement.Web.csproj", "{2525D502-25B6-4B2B-9BE5-62210DB5B0D2}"
EndProject
Global
	GlobalSection(SolutionConfigurationPlatforms) = preSolution
		Debug|Any CPU = Debug|Any CPU
		Release|Any CPU = Release|Any CPU
	EndGlobalSection
	GlobalSection(ProjectConfigurationPlatforms) = postSolution
		{C7F75F14-D6AB-4EAB-A13D-5ED30C86D963}.Debug|Any CPU.ActiveCfg = Debug|Any CPU
		{C7F75F14-D6AB-4EAB-A13D-5ED30C86D963}.Debug|Any CPU.Build.0 = Debug|Any CPU
		{C7F75F14-D6AB-4EAB-A13D-5ED30C86D963}.Release|Any CPU.ActiveCfg = Release|Any CPU
		{C7F75F14-D6AB-4EAB-A13D-5ED30C86D963}.Release|Any CPU.Build.0 = Release|Any CPU
		{DD7DFAD8-4515-401A-B85F-4BB658843031}.Debug|Any CPU.ActiveCfg = Debug|Any CPU
		{DD7DFAD8-4515-401A-B85F-4BB658843031}.Debug|Any CPU.Build.0 = Debug|Any CPU
		{DD7DFAD8-4515-401A-B85F-4BB658843031}.Release|Any CPU.ActiveCfg = Release|Any CPU
		{DD7DFAD8-4515-401A-B85F-4BB658843031}.Release|Any CPU.Build.0 = Release|Any CPU
		{FAFD8349-5A85-4568-A4B8-CCE4D9C8C720}.Debug|Any CPU.ActiveCfg = Debug|Any CPU
		{FAFD8349-5A85-4568-A4B8-CCE4D9C8C720}.Debug|Any CPU.Build.0 = Debug|Any CPU
		{FAFD8349-5A85-4568-A4B8-CCE4D9C8C720}.Release|Any CPU.ActiveCfg = Release|Any CPU
		{FAFD8349-5A85-4568-A4B8-CCE4D9C8C720}.Release|Any CPU.Build.0 = Release|Any CPU
		{2525D502-25B6-4B2B-9BE5-62210DB5B0D2}.Debug|Any CPU.ActiveCfg = Debug|Any CPU
		{2525D502-25B6-4B2B-9BE5-62210DB5B0D2}.Debug|Any CPU.Build.0 = Debug|Any CPU
		{2525D502-25B6-4B2B-9BE5-62210DB5B0D2}.Release|Any CPU.ActiveCfg = Release|Any CPU
		{2525D502-25B6-4B2B-9BE5-62210DB5B0D2}.Release|Any CPU.Build.0 = Release|Any CPU
	EndGlobalSection
	GlobalSection(SolutionProperties) = preSolution
		HideSolutionNode = FALSE
	EndGlobalSection
	GlobalSection(NestedProjects) = preSolution
		{C7F75F14-D6AB-4EAB-A13D-5ED30C86D963} = {5F4BAF3B-3A78-4649-B674-27EB0139BBE5}
		{DD7DFAD8-4515-401A-B85F-4BB658843031} = {5F4BAF3B-3A78-4649-B674-27EB0139BBE5}
		{FAFD8349-5A85-4568-A4B8-CCE4D9C8C720} = {5F4BAF3B-3A78-4649-B674-27EB0139BBE5}
		{2525D502-25B6-4B2B-9BE5-62210DB5B0D2} = {5F4BAF3B-3A78-4649-B674-27EB0139BBE5}
	EndGlobalSection
	GlobalSection(ExtensibilityGlobals) = postSolution
		SolutionGuid = {314DD9C1-C2BA-44C2-AB77-EE98F3F86FCE}
	EndGlobalSection
EndGlobal
